
Microsoft Visual Studio Solution File, Format Version 12.00
# Visual Studio Version 17
VisualStudioVersion = 17.5.33530.505
MinimumVisualStudioVersion = 10.0.40219.1
Project("{2150E333-8FDC-42A3-9474-1A3956D46DE8}") = "Src", "Src", "{48411760-A443-4274-B8C1-4F8885491D97}"
EndProject
Project("{2150E333-8FDC-42A3-9474-1A3956D46DE8}") = "Api", "Api", "{E357DC0B-9CEE-4A34-8772-0F16758CAE4E}"
EndProject
Project("{2150E333-8FDC-42A3-9474-1A3956D46DE8}") = "Clients", "Clients", "{67AD02F7-1A54-4BE8-9D96-BBFB7D9F11F7}"
EndProject
Project("{2150E333-8FDC-42A3-9474-1A3956D46DE8}") = "Common", "Common", "{901F9CA4-D661-42A9-8885-0785427BBBD5}"
EndProject
Project("{2150E333-8FDC-42A3-9474-1A3956D46DE8}") = "Projections", "Projections", "{2F3ADA3F-6826-44F6-88C8-87A16C3453AA}"
EndProject
Project("{2150E333-8FDC-42A3-9474-1A3956D46DE8}") = "Core", "Core", "{BE6068DD-1699-4B11-A015-CF493F7B6CA8}"
EndProject
Project("{2150E333-8FDC-42A3-9474-1A3956D46DE8}") = "Infrastructure", "Infrastructure", "{27AF81BF-8071-47D2-883F-FDF01BF0119C}"
EndProject
Project("{2150E333-8FDC-42A3-9474-1A3956D46DE8}") = "WebApi", "WebApi", "{DD811407-390E-4137-B3A9-5C31B8F2A4B2}"
EndProject
Project("{2150E333-8FDC-42A3-9474-1A3956D46DE8}") = "BlazorWeb", "BlazorWeb", "{249B4D2B-1D10-4BD4-9240-466D6E12FC15}"
EndProject
Project("{FAE04EC0-301F-11D3-BF4B-00C04F79EFBC}") = "EmkiyehSozluk.Common", "Src\Common\EmkiyehSozluk.Common\EmkiyehSozluk.Common.csproj", "{4000185E-4EF6-4151-A816-89CBB0569477}"
EndProject
Project("{FAE04EC0-301F-11D3-BF4B-00C04F79EFBC}") = "EmkiyehSozluk.Api.Domain", "Src\Api\Core\EmkiyehSozluk.Api.Domain\EmkiyehSozluk.Api.Domain.csproj", "{BC45133D-9888-434A-99FB-ABDAC610E537}"
EndProject
Project("{FAE04EC0-301F-11D3-BF4B-00C04F79EFBC}") = "EmkiyehSozluk.Api.Application", "Src\Api\Core\EmkiyehSozluk.Api.Application\EmkiyehSozluk.Api.Application.csproj", "{BCBF4A7E-74FB-4DA5-A6F2-AEA16AC0AC5C}"
EndProject
Project("{FAE04EC0-301F-11D3-BF4B-00C04F79EFBC}") = "EmkiyehSozluk.Infrastructure.Persistence", "Src\Api\Infrastructure\EmkiyehSozluk.Infrastructure.Persistence\EmkiyehSozluk.Infrastructure.Persistence.csproj", "{18842D3F-42CF-47C9-92F5-AE257AD8BF2B}"
EndProject
Project("{FAE04EC0-301F-11D3-BF4B-00C04F79EFBC}") = "EmkiyehSozluk.Api.WebApi", "Src\Api\WebApi\EmkiyehSozluk.Api.WebApi\EmkiyehSozluk.Api.WebApi.csproj", "{61350F82-9A9E-4959-9682-419346EFAC2B}"
EndProject
Project("{FAE04EC0-301F-11D3-BF4B-00C04F79EFBC}") = "EmkiyehSozluk.Projections.FavoriteService", "Src\Projections\EmkiyehSozluk.Projections.FavoriteService\EmkiyehSozluk.Projections.FavoriteService.csproj", "{22D33F95-CDD8-4C66-B08A-FE83A6B5FE39}"
EndProject
Project("{FAE04EC0-301F-11D3-BF4B-00C04F79EFBC}") = "EmkiyehSozluk.Projections.VoteService", "Src\Projections\EmkiyehSozluk.Projections.VoteService\EmkiyehSozluk.Projections.VoteService.csproj", "{CD68BC89-D580-4645-818F-F936333EC807}"
EndProject
Project("{FAE04EC0-301F-11D3-BF4B-00C04F79EFBC}") = "EmkiyehSozluk.Projections.UserService", "Src\Projections\EmkiyehSozluk.Projections.UserService\EmkiyehSozluk.Projections.UserService.csproj", "{CF323C63-8D32-4180-AC56-455C947E8A60}"
EndProject
Project("{FAE04EC0-301F-11D3-BF4B-00C04F79EFBC}") = "EmkiyehSozluk.WebApp", "Src\Clients\BlazorWeb\EmkiyehSozluk.WebApp\EmkiyehSozluk.WebApp.csproj", "{589D1B49-EAF5-4840-9027-1251A2A3BC4D}"
EndProject
Global
	GlobalSection(SolutionConfigurationPlatforms) = preSolution
		Debug|Any CPU = Debug|Any CPU
		Release|Any CPU = Release|Any CPU
	EndGlobalSection
	GlobalSection(ProjectConfigurationPlatforms) = postSolution
		{4000185E-4EF6-4151-A816-89CBB0569477}.Debug|Any CPU.ActiveCfg = Debug|Any CPU
		{4000185E-4EF6-4151-A816-89CBB0569477}.Debug|Any CPU.Build.0 = Debug|Any CPU
		{4000185E-4EF6-4151-A816-89CBB0569477}.Release|Any CPU.ActiveCfg = Release|Any CPU
		{4000185E-4EF6-4151-A816-89CBB0569477}.Release|Any CPU.Build.0 = Release|Any CPU
		{BC45133D-9888-434A-99FB-ABDAC610E537}.Debug|Any CPU.ActiveCfg = Debug|Any CPU
		{BC45133D-9888-434A-99FB-ABDAC610E537}.Debug|Any CPU.Build.0 = Debug|Any CPU
		{BC45133D-9888-434A-99FB-ABDAC610E537}.Release|Any CPU.ActiveCfg = Release|Any CPU
		{BC45133D-9888-434A-99FB-ABDAC610E537}.Release|Any CPU.Build.0 = Release|Any CPU
		{BCBF4A7E-74FB-4DA5-A6F2-AEA16AC0AC5C}.Debug|Any CPU.ActiveCfg = Debug|Any CPU
		{BCBF4A7E-74FB-4DA5-A6F2-AEA16AC0AC5C}.Debug|Any CPU.Build.0 = Debug|Any CPU
		{BCBF4A7E-74FB-4DA5-A6F2-AEA16AC0AC5C}.Release|Any CPU.ActiveCfg = Release|Any CPU
		{BCBF4A7E-74FB-4DA5-A6F2-AEA16AC0AC5C}.Release|Any CPU.Build.0 = Release|Any CPU
		{18842D3F-42CF-47C9-92F5-AE257AD8BF2B}.Debug|Any CPU.ActiveCfg = Debug|Any CPU
		{18842D3F-42CF-47C9-92F5-AE257AD8BF2B}.Debug|Any CPU.Build.0 = Debug|Any CPU
		{18842D3F-42CF-47C9-92F5-AE257AD8BF2B}.Release|Any CPU.ActiveCfg = Release|Any CPU
		{18842D3F-42CF-47C9-92F5-AE257AD8BF2B}.Release|Any CPU.Build.0 = Release|Any CPU
		{61350F82-9A9E-4959-9682-419346EFAC2B}.Debug|Any CPU.ActiveCfg = Debug|Any CPU
		{61350F82-9A9E-4959-9682-419346EFAC2B}.Debug|Any CPU.Build.0 = Debug|Any CPU
		{61350F82-9A9E-4959-9682-419346EFAC2B}.Release|Any CPU.ActiveCfg = Release|Any CPU
		{61350F82-9A9E-4959-9682-419346EFAC2B}.Release|Any CPU.Build.0 = Release|Any CPU
		{22D33F95-CDD8-4C66-B08A-FE83A6B5FE39}.Debug|Any CPU.ActiveCfg = Debug|Any CPU
		{22D33F95-CDD8-4C66-B08A-FE83A6B5FE39}.Debug|Any CPU.Build.0 = Debug|Any CPU
		{22D33F95-CDD8-4C66-B08A-FE83A6B5FE39}.Release|Any CPU.ActiveCfg = Release|Any CPU
		{22D33F95-CDD8-4C66-B08A-FE83A6B5FE39}.Release|Any CPU.Build.0 = Release|Any CPU
		{CD68BC89-D580-4645-818F-F936333EC807}.Debug|Any CPU.ActiveCfg = Debug|Any CPU
		{CD68BC89-D580-4645-818F-F936333EC807}.Debug|Any CPU.Build.0 = Debug|Any CPU
		{CD68BC89-D580-4645-818F-F936333EC807}.Release|Any CPU.ActiveCfg = Release|Any CPU
		{CD68BC89-D580-4645-818F-F936333EC807}.Release|Any CPU.Build.0 = Release|Any CPU
		{CF323C63-8D32-4180-AC56-455C947E8A60}.Debug|Any CPU.ActiveCfg = Debug|Any CPU
		{CF323C63-8D32-4180-AC56-455C947E8A60}.Debug|Any CPU.Build.0 = Debug|Any CPU
		{CF323C63-8D32-4180-AC56-455C947E8A60}.Release|Any CPU.ActiveCfg = Release|Any CPU
		{CF323C63-8D32-4180-AC56-455C947E8A60}.Release|Any CPU.Build.0 = Release|Any CPU
		{589D1B49-EAF5-4840-9027-1251A2A3BC4D}.Debug|Any CPU.ActiveCfg = Debug|Any CPU
		{589D1B49-EAF5-4840-9027-1251A2A3BC4D}.Debug|Any CPU.Build.0 = Debug|Any CPU
		{589D1B49-EAF5-4840-9027-1251A2A3BC4D}.Release|Any CPU.ActiveCfg = Release|Any CPU
		{589D1B49-EAF5-4840-9027-1251A2A3BC4D}.Release|Any CPU.Build.0 = Release|Any CPU
	EndGlobalSection
	GlobalSection(SolutionProperties) = preSolution
		HideSolutionNode = FALSE
	EndGlobalSection
	GlobalSection(NestedProjects) = preSolution
		{E357DC0B-9CEE-4A34-8772-0F16758CAE4E} = {48411760-A443-4274-B8C1-4F8885491D97}
		{67AD02F7-1A54-4BE8-9D96-BBFB7D9F11F7} = {48411760-A443-4274-B8C1-4F8885491D97}
		{901F9CA4-D661-42A9-8885-0785427BBBD5} = {48411760-A443-4274-B8C1-4F8885491D97}
		{2F3ADA3F-6826-44F6-88C8-87A16C3453AA} = {48411760-A443-4274-B8C1-4F8885491D97}
		{BE6068DD-1699-4B11-A015-CF493F7B6CA8} = {E357DC0B-9CEE-4A34-8772-0F16758CAE4E}
		{27AF81BF-8071-47D2-883F-FDF01BF0119C} = {E357DC0B-9CEE-4A34-8772-0F16758CAE4E}
		{DD811407-390E-4137-B3A9-5C31B8F2A4B2} = {E357DC0B-9CEE-4A34-8772-0F16758CAE4E}
		{249B4D2B-1D10-4BD4-9240-466D6E12FC15} = {67AD02F7-1A54-4BE8-9D96-BBFB7D9F11F7}
		{4000185E-4EF6-4151-A816-89CBB0569477} = {901F9CA4-D661-42A9-8885-0785427BBBD5}
		{BC45133D-9888-434A-99FB-ABDAC610E537} = {BE6068DD-1699-4B11-A015-CF493F7B6CA8}
		{BCBF4A7E-74FB-4DA5-A6F2-AEA16AC0AC5C} = {BE6068DD-1699-4B11-A015-CF493F7B6CA8}
		{18842D3F-42CF-47C9-92F5-AE257AD8BF2B} = {27AF81BF-8071-47D2-883F-FDF01BF0119C}
		{61350F82-9A9E-4959-9682-419346EFAC2B} = {DD811407-390E-4137-B3A9-5C31B8F2A4B2}
		{22D33F95-CDD8-4C66-B08A-FE83A6B5FE39} = {2F3ADA3F-6826-44F6-88C8-87A16C3453AA}
		{CD68BC89-D580-4645-818F-F936333EC807} = {2F3ADA3F-6826-44F6-88C8-87A16C3453AA}
		{CF323C63-8D32-4180-AC56-455C947E8A60} = {2F3ADA3F-6826-44F6-88C8-87A16C3453AA}
		{589D1B49-EAF5-4840-9027-1251A2A3BC4D} = {249B4D2B-1D10-4BD4-9240-466D6E12FC15}
	EndGlobalSection
	GlobalSection(ExtensibilityGlobals) = postSolution
		SolutionGuid = {D9F54CA1-95D4-4189-B5E2-7E72D7CB7A31}
	EndGlobalSection
EndGlobal
